
Microsoft Visual Studio Solution File, Format Version 12.00
# Visual Studio Version 17
VisualStudioVersion = 17.6.33815.320
MinimumVisualStudioVersion = 10.0.40219.1
Project("{FAE04EC0-301F-11D3-BF4B-00C04F79EFBC}") = "TaskManagement", "TaskManagement\TaskManagement.csproj", "{6AF2FECA-D63A-4633-8A08-C74B5886C883}"
EndProject
Global
	GlobalSection(SolutionConfigurationPlatforms) = preSolution
		Debug|Any CPU = Debug|Any CPU
		Release|Any CPU = Release|Any CPU
	EndGlobalSection
	GlobalSection(ProjectConfigurationPlatforms) = postSolution
		{6AF2FECA-D63A-4633-8A08-C74B5886C883}.Debug|Any CPU.ActiveCfg = Debug|Any CPU
		{6AF2FECA-D63A-4633-8A08-C74B5886C883}.Debug|Any CPU.Build.0 = Debug|Any CPU
		{6AF2FECA-D63A-4633-8A08-C74B5886C883}.Release|Any CPU.ActiveCfg = Release|Any CPU
		{6AF2FECA-D63A-4633-8A08-C74B5886C883}.Release|Any CPU.Build.0 = Release|Any CPU
	EndGlobalSection
	GlobalSection(SolutionProperties) = preSolution
		HideSolutionNode = FALSE
	EndGlobalSection
	GlobalSection(ExtensibilityGlobals) = postSolution
		SolutionGuid = {168552BE-7B4F-4ECC-87A2-B1A69A7F902C}
	EndGlobalSection
EndGlobal
